
Microsoft Visual Studio Solution File, Format Version 12.00
# Visual Studio Version 17
VisualStudioVersion = 17.8.34330.188
MinimumVisualStudioVersion = 10.0.40219.1
Project("{FAE04EC0-301F-11D3-BF4B-00C04F79EFBC}") = "ConsoleApp1", "ConsoleApp1\ConsoleApp1.csproj", "{8E477A5A-A85B-4D49-BFA9-19AECC76B592}"
EndProject
Global
	GlobalSection(SolutionConfigurationPlatforms) = preSolution
		Debug|Any CPU = Debug|Any CPU
		Release|Any CPU = Release|Any CPU
	EndGlobalSection
	GlobalSection(ProjectConfigurationPlatforms) = postSolution
		{8E477A5A-A85B-4D49-BFA9-19AECC76B592}.Debug|Any CPU.ActiveCfg = Debug|Any CPU
		{8E477A5A-A85B-4D49-BFA9-19AECC76B592}.Debug|Any CPU.Build.0 = Debug|Any CPU
		{8E477A5A-A85B-4D49-BFA9-19AECC76B592}.Release|Any CPU.ActiveCfg = Release|Any CPU
		{8E477A5A-A85B-4D49-BFA9-19AECC76B592}.Release|Any CPU.Build.0 = Release|Any CPU
	EndGlobalSection
	GlobalSection(SolutionProperties) = preSolution
		HideSolutionNode = FALSE
	EndGlobalSection
	GlobalSection(ExtensibilityGlobals) = postSolution
		SolutionGuid = {1FD9C830-BE05-47E8-8FD0-35F2ADDE5FFD}
	EndGlobalSection
EndGlobal
